
Microsoft Visual Studio Solution File, Format Version 12.00
# Visual Studio 15
VisualStudioVersion = 15.0.28307.1738
MinimumVisualStudioVersion = 10.0.40219.1
Project("{FAE04EC0-301F-11D3-BF4B-00C04F79EFBC}") = "Httpd", "Httpd\Httpd.csproj", "{D12B4196-D8A8-4AAF-B0D7-A8A1E7AC60F2}"
EndProject
Global
	GlobalSection(SolutionConfigurationPlatforms) = preSolution
		Debug|Any CPU = Debug|Any CPU
		Release|Any CPU = Release|Any CPU
	EndGlobalSection
	GlobalSection(ProjectConfigurationPlatforms) = postSolution
		{D12B4196-D8A8-4AAF-B0D7-A8A1E7AC60F2}.Debug|Any CPU.ActiveCfg = Debug|Any CPU
		{D12B4196-D8A8-4AAF-B0D7-A8A1E7AC60F2}.Debug|Any CPU.Build.0 = Debug|Any CPU
		{D12B4196-D8A8-4AAF-B0D7-A8A1E7AC60F2}.Release|Any CPU.ActiveCfg = Release|Any CPU
		{D12B4196-D8A8-4AAF-B0D7-A8A1E7AC60F2}.Release|Any CPU.Build.0 = Release|Any CPU
	EndGlobalSection
	GlobalSection(SolutionProperties) = preSolution
		HideSolutionNode = FALSE
	EndGlobalSection
	GlobalSection(ExtensibilityGlobals) = postSolution
		SolutionGuid = {153CB37C-6F29-46EC-AD69-D5A7303FA56B}
	EndGlobalSection
EndGlobal
