
Microsoft Visual Studio Solution File, Format Version 12.00
# Visual Studio 15
VisualStudioVersion = 15.0.28307.1738
MinimumVisualStudioVersion = 10.0.40219.1
Project("{FAE04EC0-301F-11D3-BF4B-00C04F79EFBC}") = "RegistrationServer", "RegistrationServer\RegistrationServer.csproj", "{77DA4149-55BA-457F-BF25-6EC236A11B22}"
EndProject
Project("{FAE04EC0-301F-11D3-BF4B-00C04F79EFBC}") = "RegistrationClient", "RegistrationClient\RegistrationClient.csproj", "{C590951B-A56A-4114-9EC9-BEB9F7494732}"
EndProject
Global
	GlobalSection(SolutionConfigurationPlatforms) = preSolution
		Debug|Any CPU = Debug|Any CPU
		Release|Any CPU = Release|Any CPU
	EndGlobalSection
	GlobalSection(ProjectConfigurationPlatforms) = postSolution
		{77DA4149-55BA-457F-BF25-6EC236A11B22}.Debug|Any CPU.ActiveCfg = Debug|Any CPU
		{77DA4149-55BA-457F-BF25-6EC236A11B22}.Debug|Any CPU.Build.0 = Debug|Any CPU
		{77DA4149-55BA-457F-BF25-6EC236A11B22}.Release|Any CPU.ActiveCfg = Release|Any CPU
		{77DA4149-55BA-457F-BF25-6EC236A11B22}.Release|Any CPU.Build.0 = Release|Any CPU
		{C590951B-A56A-4114-9EC9-BEB9F7494732}.Debug|Any CPU.ActiveCfg = Debug|Any CPU
		{C590951B-A56A-4114-9EC9-BEB9F7494732}.Debug|Any CPU.Build.0 = Debug|Any CPU
		{C590951B-A56A-4114-9EC9-BEB9F7494732}.Release|Any CPU.ActiveCfg = Release|Any CPU
		{C590951B-A56A-4114-9EC9-BEB9F7494732}.Release|Any CPU.Build.0 = Release|Any CPU
	EndGlobalSection
	GlobalSection(SolutionProperties) = preSolution
		HideSolutionNode = FALSE
	EndGlobalSection
	GlobalSection(ExtensibilityGlobals) = postSolution
		SolutionGuid = {1A433607-FE71-49EF-92A8-812118EEAAB4}
	EndGlobalSection
EndGlobal
